# This file is autogenerated, do not edit; changes may be undone by the next 'dep ensure'.


[[projects]]
  digest = "1:83ecbe7e77605831ddd64f66d09465e28c33ea57d5a15e45e2ad88a030a40c12"
  name = "github.com/go-ini/ini"
  packages = ["."]
  pruneopts = "UT"
  revision = "abeaefd44b914b59b7bf2d928bcf942701e028f0"
  version = "v1.60.2"

[[projects]]
  branch = "master"
  digest = "1:f31254b3098f0b51143b65f1219d75604586219d9237abf833dec069d5d0795b"
  name = "github.com/infrawatch/apputils"
  packages = [
    "config",
    "connector",
    "logging",
  ]
  pruneopts = "UT"
  revision = "9a73d95e9e8f087be01c28aec27ad188f5e0c580"

[[projects]]
  digest = "1:5ca236e4ecfeb92a57b7a4c7f139023384e7f726640f61b17820473cc82dfb77"
  name = "github.com/streadway/amqp"
  packages = ["."]
  pruneopts = "UT"
  revision = "1c71cc93ed716f9a6f4c2ae8955c25f9176d9f19"
  version = "v1.0.0"

[[projects]]
  branch = "go1"
  digest = "1:8891472a79c8ba147f22c847f6ee30a6fc17be2542b74511f69fbb98c2295772"
  name = "qpid.apache.org"
  packages = [
    "amqp",
    "electron",
    "proton",
  ]
  pruneopts = "UT"
  revision = "7bf92569070b69a52dc8ff2cf0c2635e9d5bbf3a"

[solve-meta]
  analyzer-name = "dep"
  analyzer-version = 1
  input-imports = [
    "github.com/infrawatch/apputils/config",
    "github.com/infrawatch/apputils/connector",
    "github.com/infrawatch/apputils/logging",
    "qpid.apache.org/amqp",
    "qpid.apache.org/electron",
  ]
  solver-name = "gps-cdcl"
  solver-version = 1
