# This file is autogenerated, do not edit; changes may be undone by the next 'dep ensure'.


[[projects]]
  digest = "1:2a8ce9278a57dba0bca00383d26744e88324c2696ad8538b3f7a69067d02d78c"
  name = "github.com/go-ini/ini"
  packages = ["."]
  pruneopts = "UT"
  revision = "1fc6efb6f20ef065ae00baf7f4fa7722cad0ec34"
  version = "v1.57.0"

[[projects]]
  branch = "master"
  digest = "1:01c7fb104935e3cf6e32637ba2b4a015ffb4cb36e08374a9c56d48e4f88b7bc1"
  name = "github.com/infrawatch/apputils"
  packages = [
    "config",
    "connector",
    "logging",
  ]
  pruneopts = "UT"
  revision = "d8a8f9d69983c75dd3e4fb3eca17de3b5fed5592"

[[projects]]
  digest = "1:5ca236e4ecfeb92a57b7a4c7f139023384e7f726640f61b17820473cc82dfb77"
  name = "github.com/streadway/amqp"
  packages = ["."]
  pruneopts = "UT"
  revision = "1c71cc93ed716f9a6f4c2ae8955c25f9176d9f19"
  version = "v1.0.0"

[[projects]]
  branch = "go1"
  digest = "1:8891472a79c8ba147f22c847f6ee30a6fc17be2542b74511f69fbb98c2295772"
  name = "qpid.apache.org"
  packages = [
    "amqp",
    "electron",
    "proton",
  ]
  pruneopts = "UT"
  revision = "7bf92569070b69a52dc8ff2cf0c2635e9d5bbf3a"

[solve-meta]
  analyzer-name = "dep"
  analyzer-version = 1
  input-imports = [
    "github.com/infrawatch/apputils/config",
    "github.com/infrawatch/apputils/connector",
    "github.com/infrawatch/apputils/logging",
  ]
  solver-name = "gps-cdcl"
  solver-version = 1
